
Microsoft Visual Studio Solution File, Format Version 12.00
# Visual Studio Version 17
VisualStudioVersion = 17.7.34221.43
MinimumVisualStudioVersion = 10.0.40219.1
Project("{FAE04EC0-301F-11D3-BF4B-00C04F79EFBC}") = "EncreptionMethods", "EncreptionMethods\EncreptionMethods.csproj", "{2307EEEC-C516-4B5F-9BAD-38D3BE703321}"
EndProject
Global
	GlobalSection(SolutionConfigurationPlatforms) = preSolution
		Debug|Any CPU = Debug|Any CPU
		Release|Any CPU = Release|Any CPU
	EndGlobalSection
	GlobalSection(ProjectConfigurationPlatforms) = postSolution
		{2307EEEC-C516-4B5F-9BAD-38D3BE703321}.Debug|Any CPU.ActiveCfg = Debug|Any CPU
		{2307EEEC-C516-4B5F-9BAD-38D3BE703321}.Debug|Any CPU.Build.0 = Debug|Any CPU
		{2307EEEC-C516-4B5F-9BAD-38D3BE703321}.Release|Any CPU.ActiveCfg = Release|Any CPU
		{2307EEEC-C516-4B5F-9BAD-38D3BE703321}.Release|Any CPU.Build.0 = Release|Any CPU
	EndGlobalSection
	GlobalSection(SolutionProperties) = preSolution
		HideSolutionNode = FALSE
	EndGlobalSection
	GlobalSection(ExtensibilityGlobals) = postSolution
		SolutionGuid = {4B43D1FF-5F9B-48A9-9C59-0576F8E2AAC8}
	EndGlobalSection
EndGlobal
